
Microsoft Visual Studio Solution File, Format Version 10.00
# Visual Studio 2008
Project("{FAE04EC0-301F-11D3-BF4B-00C04F79EFBC}") = "DialogueTreeTool", "DialogueTreeTool\DialogueTreeTool.csproj", "{C6310A94-E83F-4B46-B78C-DE5B812F77E8}"
EndProject
Global
	GlobalSection(SolutionConfigurationPlatforms) = preSolution
		Debug|Any CPU = Debug|Any CPU
		Release|Any CPU = Release|Any CPU
	EndGlobalSection
	GlobalSection(ProjectConfigurationPlatforms) = postSolution
		{C6310A94-E83F-4B46-B78C-DE5B812F77E8}.Debug|Any CPU.ActiveCfg = Debug|Any CPU
		{C6310A94-E83F-4B46-B78C-DE5B812F77E8}.Debug|Any CPU.Build.0 = Debug|Any CPU
		{C6310A94-E83F-4B46-B78C-DE5B812F77E8}.Release|Any CPU.ActiveCfg = Release|Any CPU
		{C6310A94-E83F-4B46-B78C-DE5B812F77E8}.Release|Any CPU.Build.0 = Release|Any CPU
	EndGlobalSection
	GlobalSection(SolutionProperties) = preSolution
		HideSolutionNode = FALSE
	EndGlobalSection
EndGlobal
